PODS:
  - Alamofire (5.11.2)
  - Gifu (3.5.1)
  - GRDB.swift (6.24.1):
    - GRDB.swift/standard (= 6.24.1)
  - GRDB.swift/standard (6.24.1)
  - Nuke (10.7.1)
  - NukeUI (0.8.0):
    - Gifu (~> 3.0)
    - Nuke (~> 10.5)

DEPENDENCIES:
  - Alamofire (= 5.11.2)
  - GRDB.swift (= 6.24.1)
  - Nuke (= 10.7.1)
  - NukeUI (= 0.8.0)

SPEC REPOS:
  trunk:
    - Alamofire
    - Gifu
    - GRDB.swift
    - Nuke
    - NukeUI

SPEC CHECKSUMS:
  Alamofire: 400275dd1c6d87d95a041861d2a59da4b520a203
  Gifu: 9f7e52357d41c0739709019eb80a71ad9aab1b6d
  GRDB.swift: 136dcb5d8dddca50aae3ba7d77475f79e7232cd8
  Nuke: 279f17a599fd1c83cf51de5e0e1f2db143a287b0
  NukeUI: 6e99837a8d066c93baa4262692d9ea9ffbc863ba

PODFILE CHECKSUM: 948f8f6759571d1161b169e6851f7ab55113298e

COCOAPODS: 1.16.2
